
Microsoft Visual Studio Solution File, Format Version 12.00
# Visual Studio Version 17
VisualStudioVersion = 17.4.33205.214
MinimumVisualStudioVersion = 10.0.40219.1
Project("{FAE04EC0-301F-11D3-BF4B-00C04F79EFBC}") = "Xml_Linq", "Xml_Linq\Xml_Linq.csproj", "{694DCBC3-397C-4C05-9880-2A7BE7F23F4D}"
EndProject
Global
	GlobalSection(SolutionConfigurationPlatforms) = preSolution
		Debug|Any CPU = Debug|Any CPU
		Release|Any CPU = Release|Any CPU
	EndGlobalSection
	GlobalSection(ProjectConfigurationPlatforms) = postSolution
		{694DCBC3-397C-4C05-9880-2A7BE7F23F4D}.Debug|Any CPU.ActiveCfg = Debug|Any CPU
		{694DCBC3-397C-4C05-9880-2A7BE7F23F4D}.Debug|Any CPU.Build.0 = Debug|Any CPU
		{694DCBC3-397C-4C05-9880-2A7BE7F23F4D}.Release|Any CPU.ActiveCfg = Release|Any CPU
		{694DCBC3-397C-4C05-9880-2A7BE7F23F4D}.Release|Any CPU.Build.0 = Release|Any CPU
	EndGlobalSection
	GlobalSection(SolutionProperties) = preSolution
		HideSolutionNode = FALSE
	EndGlobalSection
	GlobalSection(ExtensibilityGlobals) = postSolution
		SolutionGuid = {CE264782-D32E-411A-B411-AF138BC7B7E5}
	EndGlobalSection
EndGlobal
